dependencies:
- name: kratos
  repository: https://k8s.ory.sh/helm/charts
  version: 0.26.0
- name: kratos-selfservice-ui-node
  repository: https://k8s.ory.sh/helm/charts
  version: 0.26.0
- name: traefik
  repository: https://traefik.github.io/charts
  version: 20.2.0
digest: sha256:65e48e418cc969983df99df5542f491980fe520813de9be2f0a0bd4df0f4e58e
generated: "2022-11-16T11:33:50.340352+08:00"
