dependencies:
- name: kratos
  repository: https://k8s.ory.sh/helm/charts
  version: 0.26.0
- name: kratos-selfservice-ui-node
  repository: https://k8s.ory.sh/helm/charts
  version: 0.26.0
digest: sha256:12eb123627b7151bea583b42816fc7a62202fb78ae16af7b419804df60e4c8dd
generated: "2022-11-15T13:04:13.48905+08:00"
